
Microsoft Visual Studio Solution File, Format Version 12.00
# Visual Studio Version 16
VisualStudioVersion = 16.0.30317.65
MinimumVisualStudioVersion = 10.0.40219.1
Project("{FAE04EC0-301F-11D3-BF4B-00C04F79EFBC}") = "CurrencyDominos", "CurrencyDominos\CurrencyDominos.csproj", "{F65683F1-6529-4CB7-BD89-496435E6BC69}"
EndProject
Global
	GlobalSection(SolutionConfigurationPlatforms) = preSolution
		Debug|Any CPU = Debug|Any CPU
		Release|Any CPU = Release|Any CPU
	EndGlobalSection
	GlobalSection(ProjectConfigurationPlatforms) = postSolution
		{F65683F1-6529-4CB7-BD89-496435E6BC69}.Debug|Any CPU.ActiveCfg = Debug|Any CPU
		{F65683F1-6529-4CB7-BD89-496435E6BC69}.Debug|Any CPU.Build.0 = Debug|Any CPU
		{F65683F1-6529-4CB7-BD89-496435E6BC69}.Release|Any CPU.ActiveCfg = Release|Any CPU
		{F65683F1-6529-4CB7-BD89-496435E6BC69}.Release|Any CPU.Build.0 = Release|Any CPU
	EndGlobalSection
	GlobalSection(SolutionProperties) = preSolution
		HideSolutionNode = FALSE
	EndGlobalSection
	GlobalSection(ExtensibilityGlobals) = postSolution
		SolutionGuid = {04645E62-035F-40BB-815F-F3D807A461F9}
	EndGlobalSection
EndGlobal
